{
  "version": "2",
  "remote": {
    "https://deno.land/std@0.173.0/encoding/base64.ts": "7de04c2f8aeeb41453b09b186480be90f2ff357613b988e99fabb91d2eeceba1",
    "https://deno.land/x/dotenv@v3.2.0/mod.ts": "077b48773de9205266a0b44c3c3a3c3083449ed64bb0b6cc461b95720678d38e",
    "https://deno.land/x/dotenv@v3.2.0/util.ts": "693730877b13f8ead2b79b2aa31e2a0652862f7dc0c5f6d2f313f4d39c7b7670",
    "https://deno.land/x/twitter_api_fetch@v2.0.1/deps.ts": "c38df530e4baa5e9270fa2f4cf74010d8764f9a1b6bfacc101ab3d0a42b0e003",
    "https://deno.land/x/twitter_api_fetch@v2.0.1/mod.ts": "0be0c89f26f5b44f9b576fab1cf2efaa1690b0024caa6f95a2e33e59921b8b6f",
    "https://deno.land/x/twitter_api_fetch@v2.0.1/oauth1/fetcher.ts": "ed36f079edfdc9b24d280deaf3e3720da0914f95804f0402ec526074e3ea013b",
    "https://deno.land/x/twitter_api_fetch@v2.0.1/oauth1/hmac.ts": "df8f4929b845a98c3091a3abf13ed88d317c6d4081145737c51ebe2411c4ea02",
    "https://deno.land/x/twitter_api_fetch@v2.0.1/oauth1/mod.ts": "b89df5fc7af113850d81a055aac1bf4c6927ad1b7993df1ab4a175320694e200",
    "https://deno.land/x/twitter_api_fetch@v2.0.1/oauth1/oauth1a.ts": "d3b52157dc98f5cdc2b608521fbadaccd7d60bcabd01ac8eb9b8efe231efe3aa",
    "https://deno.land/x/twitter_api_fetch@v2.0.1/oauth1/types.ts": "51ba03cba91ed2bc8c6adf1e5f1da0a53052c9b1afb42fb321861abda5009ecc",
    "https://deno.land/x/twitter_api_fetch@v2.0.1/utils/percent.ts": "0178591b8015cbc8461817e9aafe86c61c1737fc50724882d71b3ab361711017",
    "https://deno.land/x/twitter_api_fetch@v2.0.1/utils/url.ts": "87c9d33a6a1732c516b24ac809a578c3fc85dd567c3c43632ab4026a8dbbd2dd"
  }
}
