lockfileVersion: '6.0'

settings:
  autoInstallPeers: true
  excludeLinksFromLockfile: false

dependencies:
  '@nexterias/twitter-api-fetch':
    specifier: npm:@jsr/nexterias__twitter-api-fetch@^3.0.0
    version: /@jsr/nexterias__twitter-api-fetch@3.0.0
  dotenv:
    specifier: ^16.0.3
    version: 16.0.3

packages:

  /@jsr/nexterias__twitter-api-fetch@3.0.0:
    resolution: {integrity: sha512-ryZWh5juuXoQ5OMTm5jB//rrgy1wq3yWCcZJZWti06Etz86tAl4MhUYbaVqLkmWMZ84OdbHFye6dU0FlBFHSZw==, tarball: https://npm.jsr.io/~/7/@jsr/nexterias__twitter-api-fetch/3.0.0.tgz}
    dependencies:
      '@jsr/std__encoding': 0.219.1
    dev: false

  /@jsr/std__encoding@0.219.1:
    resolution: {integrity: sha512-VWPCat9ZbEkdmh6R0bFhUESYowEQHPdH4Q0skwTwoXOoXsOR5AEpjYz+mowW8pKkrV6+ERo5TGO95q8AivWjoA==, tarball: https://npm.jsr.io/~/7/@jsr/std__encoding/0.219.1.tgz}
    dev: false

  /dotenv@16.0.3:
    resolution: {integrity: sha512-7GO6HghkA5fYG9TYnNxi14/7K9f5occMlp3zXAuSxn7CKCxt9xbNWG7yF8hTCSUchlfWSe3uLmlPfigevRItzQ==}
    engines: {node: '>=12'}
    dev: false
